// !$*UTF8*$!
{
	archiveVersion = 1;
	classes = {
	};
	objectVersion = 50;
	objects = {

/* Begin PBXBuildFile section */
		CFE1EE802720949300B24502 /* AppDelegate.swift in Sources */ = {isa = PBXBuildFile; fileRef = CFE1EE7F2720949300B24502 /* AppDelegate.swift */; };
		CFE1EE822720949300B24502 /* SceneDelegate.swift in Sources */ = {isa = PBXBuildFile; fileRef = CFE1EE812720949300B24502 /* SceneDelegate.swift */; };
		CFE1EE842720949300B24502 /* IAmRichAppViewController.swift in Sources */ = {isa = PBXBuildFile; fileRef = CFE1EE832720949300B24502 /* IAmRichAppViewController.swift */; };
		CFE1EE872720949300B24502 /* Main.storyboard in Resources */ = {isa = PBXBuildFile; fileRef = CFE1EE852720949300B24502 /* Main.storyboard */; };
		CFE1EE892720949400B24502 /* Assets.xcassets in Resources */ = {isa = PBXBuildFile; fileRef = CFE1EE882720949400B24502 /* Assets.xcassets */; };
		CFE1EE8C2720949400B24502 /* LaunchScreen.storyboard in Resources */ = {isa = PBXBuildFile; fileRef = CFE1EE8A2720949400B24502 /* LaunchScreen.storyboard */; };
		CFE1EE972720949500B24502 /* IAmRichAPPTests.swift in Sources */ = {isa = PBXBuildFile; fileRef = CFE1EE962720949500B24502 /* IAmRichAPPTests.swift */; };
		CFE1EEA22720949500B24502 /* IAmRichAPPUITests.swift in Sources */ = {isa = PBXBuildFile; fileRef = CFE1EEA12720949500B24502 /* IAmRichAPPUITests.swift */; };
/* End PBXBuildFile section */

/* Begin PBXContainerItemProxy section */
		CFE1EE932720949500B24502 /* PBXContainerItemProxy */ = {
			isa = PBXContainerItemProxy;
			containerPortal = CFE1EE742720949300B24502 /* Project object */;
			proxyType = 1;
			remoteGlobalIDString = CFE1EE7B2720949300B24502;
			remoteInfo = IAmRichAPP;
		};
		CFE1EE9E2720949500B24502 /* PBXContainerItemProxy */ = {
			isa = PBXContainerItemProxy;
			containerPortal = CFE1EE742720949300B24502 /* Project object */;
			proxyType = 1;
			remoteGlobalIDString = CFE1EE7B2720949300B24502;
			remoteInfo = IAmRichAPP;
		};
/* End PBXContainerItemProxy section */

/* Begin PBXFileReference section */
		CFE1EE7C2720949300B24502 /* IAmRichAPP.app */ = {isa = PBXFileReference; explicitFileType = wrapper.application; includeInIndex = 0; path = IAmRichAPP.app; sourceTree = BUILT_PRODUCTS_DIR; };
		CFE1EE7F2720949300B24502 /* AppDelegate.swift */ = {isa = PBXFileReference; lastKnownFileType = sourcecode.swift; path = AppDelegate.swift; sourceTree = "<group>"; };
		CFE1EE812720949300B24502 /* SceneDelegate.swift */ = {isa = PBXFileReference; lastKnownFileType = sourcecode.swift; path = SceneDelegate.swift; sourceTree = "<group>"; };
		CFE1EE832720949300B24502 /* IAmRichAppViewController.swift */ = {isa = PBXFileReference; lastKnownFileType = sourcecode.swift; path = IAmRichAppViewController.swift; sourceTree = "<group>"; };
		CFE1EE862720949300B24502 /* Base */ = {isa = PBXFileReference; lastKnownFileType = file.storyboard; name = Base; path = Base.lproj/Main.storyboard; sourceTree = "<group>"; };
		CFE1EE882720949400B24502 /* Assets.xcassets */ = {isa = PBXFileReference; lastKnownFileType = folder.assetcatalog; path = Assets.xcassets; sourceTree = "<group>"; };
		CFE1EE8B2720949400B24502 /* Base */ = {isa = PBXFileReference; lastKnownFileType = file.storyboard; name = Base; path = Base.lproj/LaunchScreen.storyboard; sourceTree = "<group>"; };
		CFE1EE8D2720949400B24502 /* Info.plist */ = {isa = PBXFileReference; lastKnownFileType = text.plist.xml; path = Info.plist; sourceTree = "<group>"; };
		CFE1EE922720949500B24502 /* IAmRichAPPTests.xctest */ = {isa = PBXFileReference; explicitFileType = wrapper.cfbundle; includeInIndex = 0; path = IAmRichAPPTests.xctest; sourceTree = BUILT_PRODUCTS_DIR; };
		CFE1EE962720949500B24502 /* IAmRichAPPTests.swift */ = {isa = PBXFileReference; lastKnownFileType = sourcecode.swift; path = IAmRichAPPTests.swift; sourceTree = "<group>"; };
		CFE1EE982720949500B24502 /* Info.plist */ = {isa = PBXFileReference; lastKnownFileType = text.plist.xml; path = Info.plist; sourceTree = "<group>"; };
		CFE1EE9D2720949500B24502 /* IAmRichAPPUITests.xctest */ = {isa = PBXFileReference; explicitFileType = wrapper.cfbundle; includeInIndex = 0; path = IAmRichAPPUITests.xctest; sourceTree = BUILT_PRODUCTS_DIR; };
		CFE1EEA12720949500B24502 /* IAmRichAPPUITests.swift */ = {isa = PBXFileReference; lastKnownFileType = sourcecode.swift; path = IAmRichAPPUITests.swift; sourceTree = "<group>"; };
		CFE1EEA32720949500B24502 /* Info.plist */ = {isa = PBXFileReference; lastKnownFileType = text.plist.xml; path = Info.plist; sourceTree = "<group>"; };
/* End PBXFileReference section */

/* Begin PBXFrameworksBuildPhase section */
		CFE1EE792720949300B24502 /* Frameworks */ = {
			isa = PBXFrameworksBuildPhase;
			buildActionMask = 2147483647;
			files = (
			);
			runOnlyForDeploymentPostprocessing = 0;
		};
		CFE1EE8F2720949500B24502 /* Frameworks */ = {
			isa = PBXFrameworksBuildPhase;
			buildActionMask = 2147483647;
			files = (
			);
			runOnlyForDeploymentPostprocessing = 0;
		};
		CFE1EE9A2720949500B24502 /* Frameworks */ = {
			isa = PBXFrameworksBuildPhase;
			buildActionMask = 2147483647;
			files = (
			);
			runOnlyForDeploymentPostprocessing = 0;
		};
/* End PBXFrameworksBuildPhase section */

/* Begin PBXGroup section */
		CFE1EE732720949300B24502 = {
			isa = PBXGroup;
			children = (
				CFE1EE7E2720949300B24502 /* IAmRichAPP */,
				CFE1EE952720949500B24502 /* IAmRichAPPTests */,
				CFE1EEA02720949500B24502 /* IAmRichAPPUITests */,
				CFE1EE7D2720949300B24502 /* Products */,
			);
			sourceTree = "<group>";
		};
		CFE1EE7D2720949300B24502 /* Products */ = {
			isa = PBXGroup;
			children = (
				CFE1EE7C2720949300B24502 /* IAmRichAPP.app */,
				CFE1EE922720949500B24502 /* IAmRichAPPTests.xctest */,
				CFE1EE9D2720949500B24502 /* IAmRichAPPUITests.xctest */,
			);
			name = Products;
			sourceTree = "<group>";
		};
		CFE1EE7E2720949300B24502 /* IAmRichAPP */ = {
			isa = PBXGroup;
			children = (
				CFE1EE7F2720949300B24502 /* AppDelegate.swift */,
				CFE1EE812720949300B24502 /* SceneDelegate.swift */,
				CFE1EE832720949300B24502 /* IAmRichAppViewController.swift */,
				CFE1EE852720949300B24502 /* Main.storyboard */,
				CFE1EE882720949400B24502 /* Assets.xcassets */,
				CFE1EE8A2720949400B24502 /* LaunchScreen.storyboard */,
				CFE1EE8D2720949400B24502 /* Info.plist */,
			);
			path = IAmRichAPP;
			sourceTree = "<group>";
		};
		CFE1EE952720949500B24502 /* IAmRichAPPTests */ = {
			isa = PBXGroup;
			children = (
				CFE1EE962720949500B24502 /* IAmRichAPPTests.swift */,
				CFE1EE982720949500B24502 /* Info.plist */,
			);
			path = IAmRichAPPTests;
			sourceTree = "<group>";
		};
		CFE1EEA02720949500B24502 /* IAmRichAPPUITests */ = {
			isa = PBXGroup;
			children = (
				CFE1EEA12720949500B24502 /* IAmRichAPPUITests.swift */,
				CFE1EEA32720949500B24502 /* Info.plist */,
			);
			path = IAmRichAPPUITests;
			sourceTree = "<group>";
		};
/* End PBXGroup section */

/* Begin PBXNativeTarget section */
		CFE1EE7B2720949300B24502 /* IAmRichAPP */ = {
			isa = PBXNativeTarget;
			buildConfigurationList = CFE1EEA62720949500B24502 /* Build configuration list for PBXNativeTarget "IAmRichAPP" */;
			buildPhases = (
				CFE1EE782720949300B24502 /* Sources */,
				CFE1EE792720949300B24502 /* Frameworks */,
				CFE1EE7A2720949300B24502 /* Resources */,
			);
			buildRules = (
			);
			dependencies = (
			);
			name = IAmRichAPP;
			productName = IAmRichAPP;
			productReference = CFE1EE7C2720949300B24502 /* IAmRichAPP.app */;
			productType = "com.apple.product-type.application";
		};
		CFE1EE912720949500B24502 /* IAmRichAPPTests */ = {
			isa = PBXNativeTarget;
			buildConfigurationList = CFE1EEA92720949500B24502 /* Build configuration list for PBXNativeTarget "IAmRichAPPTests" */;
			buildPhases = (
				CFE1EE8E2720949500B24502 /* Sources */,
				CFE1EE8F2720949500B24502 /* Frameworks */,
				CFE1EE902720949500B24502 /* Resources */,
			);
			buildRules = (
			);
			dependencies = (
				CFE1EE942720949500B24502 /* PBXTargetDependency */,
			);
			name = IAmRichAPPTests;
			productName = IAmRichAPPTests;
			productReference = CFE1EE922720949500B24502 /* IAmRichAPPTests.xctest */;
			productType = "com.apple.product-type.bundle.unit-test";
		};
		CFE1EE9C2720949500B24502 /* IAmRichAPPUITests */ = {
			isa = PBXNativeTarget;
			buildConfigurationList = CFE1EEAC2720949500B24502 /* Build configuration list for PBXNativeTarget "IAmRichAPPUITests" */;
			buildPhases = (
				CFE1EE992720949500B24502 /* Sources */,
				CFE1EE9A2720949500B24502 /* Frameworks */,
				CFE1EE9B2720949500B24502 /* Resources */,
			);
			buildRules = (
			);
			dependencies = (
				CFE1EE9F2720949500B24502 /* PBXTargetDependency */,
			);
			name = IAmRichAPPUITests;
			productName = IAmRichAPPUITests;
			productReference = CFE1EE9D2720949500B24502 /* IAmRichAPPUITests.xctest */;
			productType = "com.apple.product-type.bundle.ui-testing";
		};
/* End PBXNativeTarget section */

/* Begin PBXProject section */
		CFE1EE742720949300B24502 /* Project object */ = {
			isa = PBXProject;
			attributes = {
				LastSwiftUpdateCheck = 1250;
				LastUpgradeCheck = 1250;
				TargetAttributes = {
					CFE1EE7B2720949300B24502 = {
						CreatedOnToolsVersion = 12.5.1;
					};
					CFE1EE912720949500B24502 = {
						CreatedOnToolsVersion = 12.5.1;
						TestTargetID = CFE1EE7B2720949300B24502;
					};
					CFE1EE9C2720949500B24502 = {
						CreatedOnToolsVersion = 12.5.1;
						TestTargetID = CFE1EE7B2720949300B24502;
					};
				};
			};
			buildConfigurationList = CFE1EE772720949300B24502 /* Build configuration list for PBXProject "IAmRichAPP" */;
			compatibilityVersion = "Xcode 9.3";
			developmentRegion = en;
			hasScannedForEncodings = 0;
			knownRegions = (
				en,
				Base,
			);
			mainGroup = CFE1EE732720949300B24502;
			productRefGroup = CFE1EE7D2720949300B24502 /* Products */;
			projectDirPath = "";
			projectRoot = "";
			targets = (
				CFE1EE7B2720949300B24502 /* IAmRichAPP */,
				CFE1EE912720949500B24502 /* IAmRichAPPTests */,
				CFE1EE9C2720949500B24502 /* IAmRichAPPUITests */,
			);
		};
/* End PBXProject section */

/* Begin PBXResourcesBuildPhase section */
		CFE1EE7A2720949300B24502 /* Resources */ = {
			isa = PBXResourcesBuildPhase;
			buildActionMask = 2147483647;
			files = (
				CFE1EE8C2720949400B24502 /* LaunchScreen.storyboard in Resources */,
				CFE1EE892720949400B24502 /* Assets.xcassets in Resources */,
				CFE1EE872720949300B24502 /* Main.storyboard in Resources */,
			);
			runOnlyForDeploymentPostprocessing = 0;
		};
		CFE1EE902720949500B24502 /* Resources */ = {
			isa = PBXResourcesBuildPhase;
			buildActionMask = 2147483647;
			files = (
			);
			runOnlyForDeploymentPostprocessing = 0;
		};
		CFE1EE9B2720949500B24502 /* Resources */ = {
			isa = PBXResourcesBuildPhase;
			buildActionMask = 2147483647;
			files = (
			);
			runOnlyForDeploymentPostprocessing = 0;
		};
/* End PBXResourcesBuildPhase section */

/* Begin PBXSourcesBuildPhase section */
		CFE1EE782720949300B24502 /* Sources */ = {
			isa = PBXSourcesBuildPhase;
			buildActionMask = 2147483647;
			files = (
				CFE1EE842720949300B24502 /* IAmRichAppViewController.swift in Sources */,
				CFE1EE802720949300B24502 /* AppDelegate.swift in Sources */,
				CFE1EE822720949300B24502 /* SceneDelegate.swift in Sources */,
			);
			runOnlyForDeploymentPostprocessing = 0;
		};
		CFE1EE8E2720949500B24502 /* Sources */ = {
			isa = PBXSourcesBuildPhase;
			buildActionMask = 2147483647;
			files = (
				CFE1EE972720949500B24502 /* IAmRichAPPTests.swift in Sources */,
			);
			runOnlyForDeploymentPostprocessing = 0;
		};
		CFE1EE992720949500B24502 /* Sources */ = {
			isa = PBXSourcesBuildPhase;
			buildActionMask = 2147483647;
			files = (
				CFE1EEA22720949500B24502 /* IAmRichAPPUITests.swift in Sources */,
			);
			runOnlyForDeploymentPostprocessing = 0;
		};
/* End PBXSourcesBuildPhase section */

/* Begin PBXTargetDependency section */
		CFE1EE942720949500B24502 /* PBXTargetDependency */ = {
			isa = PBXTargetDependency;
			target = CFE1EE7B2720949300B24502 /* IAmRichAPP */;
			targetProxy = CFE1EE932720949500B24502 /* PBXContainerItemProxy */;
		};
		CFE1EE9F2720949500B24502 /* PBXTargetDependency */ = {
			isa = PBXTargetDependency;
			target = CFE1EE7B2720949300B24502 /* IAmRichAPP */;
			targetProxy = CFE1EE9E2720949500B24502 /* PBXContainerItemProxy */;
		};
/* End PBXTargetDependency section */

/* Begin PBXVariantGroup section */
		CFE1EE852720949300B24502 /* Main.storyboard */ = {
			isa = PBXVariantGroup;
			children = (
				CFE1EE862720949300B24502 /* Base */,
			);
			name = Main.storyboard;
			sourceTree = "<group>";
		};
		CFE1EE8A2720949400B24502 /* LaunchScreen.storyboard */ = {
			isa = PBXVariantGroup;
			children = (
				CFE1EE8B2720949400B24502 /* Base */,
			);
			name = LaunchScreen.storyboard;
			sourceTree = "<group>";
		};
/* End PBXVariantGroup section */

/* Begin XCBuildConfiguration section */
		CFE1EEA42720949500B24502 /* Debug */ = {
			isa = XCBuildConfiguration;
			buildSettings = {
				ALWAYS_SEARCH_USER_PATHS = NO;
				CLANG_ANALYZER_NONNULL = YES;
				CLANG_ANALYZER_NUMBER_OBJECT_CONVERSION = YES_AGGRESSIVE;
				CLANG_CXX_LANGUAGE_STANDARD = "gnu++14";
				CLANG_CXX_LIBRARY = "libc++";
				CLANG_ENABLE_MODULES = YES;
				CLANG_ENABLE_OBJC_ARC = YES;
				CLANG_ENABLE_OBJC_WEAK = YES;
				CLANG_WARN_BLOCK_CAPTURE_AUTORELEASING = YES;
				CLANG_WARN_BOOL_CONVERSION = YES;
				CLANG_WARN_COMMA = YES;
				CLANG_WARN_CONSTANT_CONVERSION = YES;
				CLANG_WARN_DEPRECATED_OBJC_IMPLEMENTATIONS = YES;
				CLANG_WARN_DIRECT_OBJC_ISA_USAGE = YES_ERROR;
				CLANG_WARN_DOCUMENTATION_COMMENTS = YES;
				CLANG_WARN_EMPTY_BODY = YES;
				CLANG_WARN_ENUM_CONVERSION = YES;
				CLANG_WARN_INFINITE_RECURSION = YES;
				CLANG_WARN_INT_CONVERSION = YES;
				CLANG_WARN_NON_LITERAL_NULL_CONVERSION = YES;
				CLANG_WARN_OBJC_IMPLICIT_RETAIN_SELF = YES;
				CLANG_WARN_OBJC_LITERAL_CONVERSION = YES;
				CLANG_WARN_OBJC_ROOT_CLASS = YES_ERROR;
				CLANG_WARN_QUOTED_INCLUDE_IN_FRAMEWORK_HEADER = YES;
				CLANG_WARN_RANGE_LOOP_ANALYSIS = YES;
				CLANG_WARN_STRICT_PROTOTYPES = YES;
				CLANG_WARN_SUSPICIOUS_MOVE = YES;
				CLANG_WARN_UNGUARDED_AVAILABILITY = YES_AGGRESSIVE;
				CLANG_WARN_UNREACHABLE_CODE = YES;
				CLANG_WARN__DUPLICATE_METHOD_MATCH = YES;
				COPY_PHASE_STRIP = NO;
				DEBUG_INFORMATION_FORMAT = dwarf;
				ENABLE_STRICT_OBJC_MSGSEND = YES;
				ENABLE_TESTABILITY = YES;
				GCC_C_LANGUAGE_STANDARD = gnu11;
				GCC_DYNAMIC_NO_PIC = NO;
				GCC_NO_COMMON_BLOCKS = YES;
				GCC_OPTIMIZATION_LEVEL = 0;
				GCC_PREPROCESSOR_DEFINITIONS = (
					"DEBUG=1",
					"$(inherited)",
				);
				GCC_WARN_64_TO_32_BIT_CONVERSION = YES;
				GCC_WARN_ABOUT_RETURN_TYPE = YES_ERROR;
				GCC_WARN_UNDECLARED_SELECTOR = YES;
				GCC_WARN_UNINITIALIZED_AUTOS = YES_AGGRESSIVE;
				GCC_WARN_UNUSED_FUNCTION = YES;
				GCC_WARN_UNUSED_VARIABLE = YES;
				IPHONEOS_DEPLOYMENT_TARGET = 14.5;
				MTL_ENABLE_DEBUG_INFO = INCLUDE_SOURCE;
				MTL_FAST_MATH = YES;
				ONLY_ACTIVE_ARCH = YES;
				SDKROOT = iphoneos;
				SWIFT_ACTIVE_COMPILATION_CONDITIONS = DEBUG;
				SWIFT_OPTIMIZATION_LEVEL = "-Onone";
			};
			name = Debug;
		};
		CFE1EEA52720949500B24502 /* Release */ = {
			isa = XCBuildConfiguration;
			buildSettings = {
				ALWAYS_SEARCH_USER_PATHS = NO;
				CLANG_ANALYZER_NONNULL = YES;
				CLANG_ANALYZER_NUMBER_OBJECT_CONVERSION = YES_AGGRESSIVE;
				CLANG_CXX_LANGUAGE_STANDARD = "gnu++14";
				CLANG_CXX_LIBRARY = "libc++";
				CLANG_ENABLE_MODULES = YES;
				CLANG_ENABLE_OBJC_ARC = YES;
				CLANG_ENABLE_OBJC_WEAK = YES;
				CLANG_WARN_BLOCK_CAPTURE_AUTORELEASING = YES;
				CLANG_WARN_BOOL_CONVERSION = YES;
				CLANG_WARN_COMMA = YES;
				CLANG_WARN_CONSTANT_CONVERSION = YES;
				CLANG_WARN_DEPRECATED_OBJC_IMPLEMENTATIONS = YES;
				CLANG_WARN_DIRECT_OBJC_ISA_USAGE = YES_ERROR;
				CLANG_WARN_DOCUMENTATION_COMMENTS = YES;
				CLANG_WARN_EMPTY_BODY = YES;
				CLANG_WARN_ENUM_CONVERSION = YES;
				CLANG_WARN_INFINITE_RECURSION = YES;
				CLANG_WARN_INT_CONVERSION = YES;
				CLANG_WARN_NON_LITERAL_NULL_CONVERSION = YES;
				CLANG_WARN_OBJC_IMPLICIT_RETAIN_SELF = YES;
				CLANG_WARN_OBJC_LITERAL_CONVERSION = YES;
				CLANG_WARN_OBJC_ROOT_CLASS = YES_ERROR;
				CLANG_WARN_QUOTED_INCLUDE_IN_FRAMEWORK_HEADER = YES;
				CLANG_WARN_RANGE_LOOP_ANALYSIS = YES;
				CLANG_WARN_STRICT_PROTOTYPES = YES;
				CLANG_WARN_SUSPICIOUS_MOVE = YES;
				CLANG_WARN_UNGUARDED_AVAILABILITY = YES_AGGRESSIVE;
				CLANG_WARN_UNREACHABLE_CODE = YES;
				CLANG_WARN__DUPLICATE_METHOD_MATCH = YES;
				COPY_PHASE_STRIP = NO;
				DEBUG_INFORMATION_FORMAT = "dwarf-with-dsym";
				ENABLE_NS_ASSERTIONS = NO;
				ENABLE_STRICT_OBJC_MSGSEND = YES;
				GCC_C_LANGUAGE_STANDARD = gnu11;
				GCC_NO_COMMON_BLOCKS = YES;
				GCC_WARN_64_TO_32_BIT_CONVERSION = YES;
				GCC_WARN_ABOUT_RETURN_TYPE = YES_ERROR;
				GCC_WARN_UNDECLARED_SELECTOR = YES;
				GCC_WARN_UNINITIALIZED_AUTOS = YES_AGGRESSIVE;
				GCC_WARN_UNUSED_FUNCTION = YES;
				GCC_WARN_UNUSED_VARIABLE = YES;
				IPHONEOS_DEPLOYMENT_TARGET = 14.5;
				MTL_ENABLE_DEBUG_INFO = NO;
				MTL_FAST_MATH = YES;
				SDKROOT = iphoneos;
				SWIFT_COMPILATION_MODE = wholemodule;
				SWIFT_OPTIMIZATION_LEVEL = "-O";
				VALIDATE_PRODUCT = YES;
			};
			name = Release;
		};
		CFE1EEA72720949500B24502 /* Debug */ = {
			isa = XCBuildConfiguration;
			buildSettings = {
				ASSETCATALOG_COMPILER_APPICON_NAME = AppIcon;
				ASSETCATALOG_COMPILER_GLOBAL_ACCENT_COLOR_NAME = AccentColor;
				CODE_SIGN_STYLE = Automatic;
				DEVELOPMENT_TEAM = SWHLL574QY;
				INFOPLIST_FILE = IAmRichAPP/Info.plist;
				LD_RUNPATH_SEARCH_PATHS = (
					"$(inherited)",
					"@executable_path/Frameworks",
				);
				PRODUCT_BUNDLE_IDENTIFIER = "virginia.lombardi-globant.com.IAmRichAPP";
				PRODUCT_NAME = "$(TARGET_NAME)";
				SWIFT_VERSION = 5.0;
				TARGETED_DEVICE_FAMILY = "1,2";
			};
			name = Debug;
		};
		CFE1EEA82720949500B24502 /* Release */ = {
			isa = XCBuildConfiguration;
			buildSettings = {
				ASSETCATALOG_COMPILER_APPICON_NAME = AppIcon;
				ASSETCATALOG_COMPILER_GLOBAL_ACCENT_COLOR_NAME = AccentColor;
				CODE_SIGN_STYLE = Automatic;
				DEVELOPMENT_TEAM = SWHLL574QY;
				INFOPLIST_FILE = IAmRichAPP/Info.plist;
				LD_RUNPATH_SEARCH_PATHS = (
					"$(inherited)",
					"@executable_path/Frameworks",
				);
				PRODUCT_BUNDLE_IDENTIFIER = "virginia.lombardi-globant.com.IAmRichAPP";
				PRODUCT_NAME = "$(TARGET_NAME)";
				SWIFT_VERSION = 5.0;
				TARGETED_DEVICE_FAMILY = "1,2";
			};
			name = Release;
		};
		CFE1EEAA2720949500B24502 /* Debug */ = {
			isa = XCBuildConfiguration;
			buildSettings = {
				ALWAYS_EMBED_SWIFT_STANDARD_LIBRARIES = YES;
				BUNDLE_LOADER = "$(TEST_HOST)";
				CODE_SIGN_STYLE = Automatic;
				DEVELOPMENT_TEAM = SWHLL574QY;
				INFOPLIST_FILE = IAmRichAPPTests/Info.plist;
				IPHONEOS_DEPLOYMENT_TARGET = 14.5;
				LD_RUNPATH_SEARCH_PATHS = (
					"$(inherited)",
					"@executable_path/Frameworks",
					"@loader_path/Frameworks",
				);
				PRODUCT_BUNDLE_IDENTIFIER = "virginia.lombardi-globant.com.IAmRichAPPTests";
				PRODUCT_NAME = "$(TARGET_NAME)";
				SWIFT_VERSION = 5.0;
				TARGETED_DEVICE_FAMILY = "1,2";
				TEST_HOST = "$(BUILT_PRODUCTS_DIR)/IAmRichAPP.app/IAmRichAPP";
			};
			name = Debug;
		};
		CFE1EEAB2720949500B24502 /* Release */ = {
			isa = XCBuildConfiguration;
			buildSettings = {
				ALWAYS_EMBED_SWIFT_STANDARD_LIBRARIES = YES;
				BUNDLE_LOADER = "$(TEST_HOST)";
				CODE_SIGN_STYLE = Automatic;
				DEVELOPMENT_TEAM = SWHLL574QY;
				INFOPLIST_FILE = IAmRichAPPTests/Info.plist;
				IPHONEOS_DEPLOYMENT_TARGET = 14.5;
				LD_RUNPATH_SEARCH_PATHS = (
					"$(inherited)",
					"@executable_path/Frameworks",
					"@loader_path/Frameworks",
				);
				PRODUCT_BUNDLE_IDENTIFIER = "virginia.lombardi-globant.com.IAmRichAPPTests";
				PRODUCT_NAME = "$(TARGET_NAME)";
				SWIFT_VERSION = 5.0;
				TARGETED_DEVICE_FAMILY = "1,2";
				TEST_HOST = "$(BUILT_PRODUCTS_DIR)/IAmRichAPP.app/IAmRichAPP";
			};
			name = Release;
		};
		CFE1EEAD2720949500B24502 /* Debug */ = {
			isa = XCBuildConfiguration;
			buildSettings = {
				ALWAYS_EMBED_SWIFT_STANDARD_LIBRARIES = YES;
				CODE_SIGN_STYLE = Automatic;
				DEVELOPMENT_TEAM = SWHLL574QY;
				INFOPLIST_FILE = IAmRichAPPUITests/Info.plist;
				LD_RUNPATH_SEARCH_PATHS = (
					"$(inherited)",
					"@executable_path/Frameworks",
					"@loader_path/Frameworks",
				);
				PRODUCT_BUNDLE_IDENTIFIER = "virginia.lombardi-globant.com.IAmRichAPPUITests";
				PRODUCT_NAME = "$(TARGET_NAME)";
				SWIFT_VERSION = 5.0;
				TARGETED_DEVICE_FAMILY = "1,2";
				TEST_TARGET_NAME = IAmRichAPP;
			};
			name = Debug;
		};
		CFE1EEAE2720949500B24502 /* Release */ = {
			isa = XCBuildConfiguration;
			buildSettings = {
				ALWAYS_EMBED_SWIFT_STANDARD_LIBRARIES = YES;
				CODE_SIGN_STYLE = Automatic;
				DEVELOPMENT_TEAM = SWHLL574QY;
				INFOPLIST_FILE = IAmRichAPPUITests/Info.plist;
				LD_RUNPATH_SEARCH_PATHS = (
					"$(inherited)",
					"@executable_path/Frameworks",
					"@loader_path/Frameworks",
				);
				PRODUCT_BUNDLE_IDENTIFIER = "virginia.lombardi-globant.com.IAmRichAPPUITests";
				PRODUCT_NAME = "$(TARGET_NAME)";
				SWIFT_VERSION = 5.0;
				TARGETED_DEVICE_FAMILY = "1,2";
				TEST_TARGET_NAME = IAmRichAPP;
			};
			name = Release;
		};
/* End XCBuildConfiguration section */

/* Begin XCConfigurationList section */
		CFE1EE772720949300B24502 /* Build configuration list for PBXProject "IAmRichAPP" */ = {
			isa = XCConfigurationList;
			buildConfigurations = (
				CFE1EEA42720949500B24502 /* Debug */,
				CFE1EEA52720949500B24502 /* Release */,
			);
			defaultConfigurationIsVisible = 0;
			defaultConfigurationName = Release;
		};
		CFE1EEA62720949500B24502 /* Build configuration list for PBXNativeTarget "IAmRichAPP" */ = {
			isa = XCConfigurationList;
			buildConfigurations = (
				CFE1EEA72720949500B24502 /* Debug */,
				CFE1EEA82720949500B24502 /* Release */,
			);
			defaultConfigurationIsVisible = 0;
			defaultConfigurationName = Release;
		};
		CFE1EEA92720949500B24502 /* Build configuration list for PBXNativeTarget "IAmRichAPPTests" */ = {
			isa = XCConfigurationList;
			buildConfigurations = (
				CFE1EEAA2720949500B24502 /* Debug */,
				CFE1EEAB2720949500B24502 /* Release */,
			);
			defaultConfigurationIsVisible = 0;
			defaultConfigurationName = Release;
		};
		CFE1EEAC2720949500B24502 /* Build configuration list for PBXNativeTarget "IAmRichAPPUITests" */ = {
			isa = XCConfigurationList;
			buildConfigurations = (
				CFE1EEAD2720949500B24502 /* Debug */,
				CFE1EEAE2720949500B24502 /* Release */,
			);
			defaultConfigurationIsVisible = 0;
			defaultConfigurationName = Release;
		};
/* End XCConfigurationList section */
	};
	rootObject = CFE1EE742720949300B24502 /* Project object */;
}
